// !$*UTF8*$!
{
	archiveVersion = 1;
	classes = {
	};
	objectVersion = 46;
	objects = {

/* Begin PBXBuildFile section */
		1793BC3E1E17FF2E00639067 /* main.m in Sources */ = {isa = PBXBuildFile; fileRef = 1793BC3D1E17FF2E00639067 /* main.m */; };
		1793BC411E17FF2E00639067 /* AppDelegate.m in Sources */ = {isa = PBXBuildFile; fileRef = 1793BC401E17FF2E00639067 /* AppDelegate.m */; };
		1793BC441E17FF2E00639067 /* ViewController.m in Sources */ = {isa = PBXBuildFile; fileRef = 1793BC431E17FF2E00639067 /* ViewController.m */; };
		1793BC471E17FF2E00639067 /* Main.storyboard in Resources */ = {isa = PBXBuildFile; fileRef = 1793BC451E17FF2E00639067 /* Main.storyboard */; };
		1793BC491E17FF2E00639067 /* Assets.xcassets in Resources */ = {isa = PBXBuildFile; fileRef = 1793BC481E17FF2E00639067 /* Assets.xcassets */; };
		1793BC4C1E17FF2E00639067 /* LaunchScreen.storyboard in Resources */ = {isa = PBXBuildFile; fileRef = 1793BC4A1E17FF2E00639067 /* LaunchScreen.storyboard */; };
		1793BC571E17FF2F00639067 /* ____Tests.m in Sources */ = {isa = PBXBuildFile; fileRef = 1793BC561E17FF2F00639067 /* ____Tests.m */; };
		1793BC621E17FF2F00639067 /* ____UITests.m in Sources */ = {isa = PBXBuildFile; fileRef = 1793BC611E17FF2F00639067 /* ____UITests.m */; };
		1793BC741E1801C500639067 /* code_xiaoma.png in Resources */ = {isa = PBXBuildFile; fileRef = 1793BC731E1801C500639067 /* code_xiaoma.png */; };
		1793BC771E18038400639067 /* Accelerate.framework in Frameworks */ = {isa = PBXBuildFile; fileRef = 1793BC761E18038400639067 /* Accelerate.framework */; };
		1793BC7B1E1814C100639067 /* UIImage+BlurI.m in Sources */ = {isa = PBXBuildFile; fileRef = 1793BC7A1E1814C100639067 /* UIImage+BlurI.m */; };
/* End PBXBuildFile section */

/* Begin PBXContainerItemProxy section */
		1793BC531E17FF2F00639067 /* PBXContainerItemProxy */ = {
			isa = PBXContainerItemProxy;
			containerPortal = 1793BC311E17FF2E00639067 /* Project object */;
			proxyType = 1;
			remoteGlobalIDString = 1793BC381E17FF2E00639067;
			remoteInfo = "高斯模糊";
		};
		1793BC5E1E17FF2F00639067 /* PBXContainerItemProxy */ = {
			isa = PBXContainerItemProxy;
			containerPortal = 1793BC311E17FF2E00639067 /* Project object */;
			proxyType = 1;
			remoteGlobalIDString = 1793BC381E17FF2E00639067;
			remoteInfo = "高斯模糊";
		};
/* End PBXContainerItemProxy section */

/* Begin PBXFileReference section */
		1793BC391E17FF2E00639067 /* 高斯模糊.app */ = {isa = PBXFileReference; explicitFileType = wrapper.application; includeInIndex = 0; path = "高斯模糊.app"; sourceTree = BUILT_PRODUCTS_DIR; };
		1793BC3D1E17FF2E00639067 /* main.m */ = {isa = PBXFileReference; lastKnownFileType = sourcecode.c.objc; path = main.m; sourceTree = "<group>"; };
		1793BC3F1E17FF2E00639067 /* AppDelegate.h */ = {isa = PBXFileReference; lastKnownFileType = sourcecode.c.h; path = AppDelegate.h; sourceTree = "<group>"; };
		1793BC401E17FF2E00639067 /* AppDelegate.m */ = {isa = PBXFileReference; lastKnownFileType = sourcecode.c.objc; path = AppDelegate.m; sourceTree = "<group>"; };
		1793BC421E17FF2E00639067 /* ViewController.h */ = {isa = PBXFileReference; lastKnownFileType = sourcecode.c.h; path = ViewController.h; sourceTree = "<group>"; };
		1793BC431E17FF2E00639067 /* ViewController.m */ = {isa = PBXFileReference; lastKnownFileType = sourcecode.c.objc; path = ViewController.m; sourceTree = "<group>"; };
		1793BC461E17FF2E00639067 /* Base */ = {isa = PBXFileReference; lastKnownFileType = file.storyboard; name = Base; path = Base.lproj/Main.storyboard; sourceTree = "<group>"; };
		1793BC481E17FF2E00639067 /* Assets.xcassets */ = {isa = PBXFileReference; lastKnownFileType = folder.assetcatalog; path = Assets.xcassets; sourceTree = "<group>"; };
		1793BC4B1E17FF2E00639067 /* Base */ = {isa = PBXFileReference; lastKnownFileType = file.storyboard; name = Base; path = Base.lproj/LaunchScreen.storyboard; sourceTree = "<group>"; };
		1793BC4D1E17FF2E00639067 /* Info.plist */ = {isa = PBXFileReference; lastKnownFileType = text.plist.xml; path = Info.plist; sourceTree = "<group>"; };
		1793BC521E17FF2F00639067 /* 高斯模糊Tests.xctest */ = {isa = PBXFileReference; explicitFileType = wrapper.cfbundle; includeInIndex = 0; path = "高斯模糊Tests.xctest"; sourceTree = BUILT_PRODUCTS_DIR; };
		1793BC561E17FF2F00639067 /* ____Tests.m */ = {isa = PBXFileReference; lastKnownFileType = sourcecode.c.objc; path = "____Tests.m"; sourceTree = "<group>"; };
		1793BC581E17FF2F00639067 /* Info.plist */ = {isa = PBXFileReference; lastKnownFileType = text.plist.xml; path = Info.plist; sourceTree = "<group>"; };
		1793BC5D1E17FF2F00639067 /* 高斯模糊UITests.xctest */ = {isa = PBXFileReference; explicitFileType = wrapper.cfbundle; includeInIndex = 0; path = "高斯模糊UITests.xctest"; sourceTree = BUILT_PRODUCTS_DIR; };
		1793BC611E17FF2F00639067 /* ____UITests.m */ = {isa = PBXFileReference; lastKnownFileType = sourcecode.c.objc; path = "____UITests.m"; sourceTree = "<group>"; };
		1793BC631E17FF2F00639067 /* Info.plist */ = {isa = PBXFileReference; lastKnownFileType = text.plist.xml; path = Info.plist; sourceTree = "<group>"; };
		1793BC731E1801C500639067 /* code_xiaoma.png */ = {isa = PBXFileReference; lastKnownFileType = image.png; path = code_xiaoma.png; sourceTree = "<group>"; };
		1793BC761E18038400639067 /* Accelerate.framework */ = {isa = PBXFileReference; lastKnownFileType = wrapper.framework; name = Accelerate.framework; path = System/Library/Frameworks/Accelerate.framework; sourceTree = SDKROOT; };
		1793BC791E1814C100639067 /* UIImage+BlurI.h */ = {isa = PBXFileReference; fileEncoding = 4; lastKnownFileType = sourcecode.c.h; path = "UIImage+BlurI.h"; sourceTree = "<group>"; };
		1793BC7A1E1814C100639067 /* UIImage+BlurI.m */ = {isa = PBXFileReference; fileEncoding = 4; lastKnownFileType = sourcecode.c.objc; path = "UIImage+BlurI.m"; sourceTree = "<group>"; };
/* End PBXFileReference section */

/* Begin PBXFrameworksBuildPhase section */
		1793BC361E17FF2E00639067 /* Frameworks */ = {
			isa = PBXFrameworksBuildPhase;
			buildActionMask = 2147483647;
			files = (
				1793BC771E18038400639067 /* Accelerate.framework in Frameworks */,
			);
			runOnlyForDeploymentPostprocessing = 0;
		};
		1793BC4F1E17FF2F00639067 /* Frameworks */ = {
			isa = PBXFrameworksBuildPhase;
			buildActionMask = 2147483647;
			files = (
			);
			runOnlyForDeploymentPostprocessing = 0;
		};
		1793BC5A1E17FF2F00639067 /* Frameworks */ = {
			isa = PBXFrameworksBuildPhase;
			buildActionMask = 2147483647;
			files = (
			);
			runOnlyForDeploymentPostprocessing = 0;
		};
/* End PBXFrameworksBuildPhase section */

/* Begin PBXGroup section */
		1793BC301E17FF2E00639067 = {
			isa = PBXGroup;
			children = (
				1793BC3B1E17FF2E00639067 /* 高斯模糊 */,
				1793BC551E17FF2F00639067 /* 高斯模糊Tests */,
				1793BC601E17FF2F00639067 /* 高斯模糊UITests */,
				1793BC3A1E17FF2E00639067 /* Products */,
				1793BC751E18038300639067 /* Frameworks */,
			);
			sourceTree = "<group>";
		};
		1793BC3A1E17FF2E00639067 /* Products */ = {
			isa = PBXGroup;
			children = (
				1793BC391E17FF2E00639067 /* 高斯模糊.app */,
				1793BC521E17FF2F00639067 /* 高斯模糊Tests.xctest */,
				1793BC5D1E17FF2F00639067 /* 高斯模糊UITests.xctest */,
			);
			name = Products;
			sourceTree = "<group>";
		};
		1793BC3B1E17FF2E00639067 /* 高斯模糊 */ = {
			isa = PBXGroup;
			children = (
				1793BC731E1801C500639067 /* code_xiaoma.png */,
				1793BC3F1E17FF2E00639067 /* AppDelegate.h */,
				1793BC401E17FF2E00639067 /* AppDelegate.m */,
				1793BC421E17FF2E00639067 /* ViewController.h */,
				1793BC431E17FF2E00639067 /* ViewController.m */,
				1793BC791E1814C100639067 /* UIImage+BlurI.h */,
				1793BC7A1E1814C100639067 /* UIImage+BlurI.m */,
				1793BC451E17FF2E00639067 /* Main.storyboard */,
				1793BC481E17FF2E00639067 /* Assets.xcassets */,
				1793BC4A1E17FF2E00639067 /* LaunchScreen.storyboard */,
				1793BC4D1E17FF2E00639067 /* Info.plist */,
				1793BC3C1E17FF2E00639067 /* Supporting Files */,
			);
			path = "高斯模糊";
			sourceTree = "<group>";
		};
		1793BC3C1E17FF2E00639067 /* Supporting Files */ = {
			isa = PBXGroup;
			children = (
				1793BC3D1E17FF2E00639067 /* main.m */,
			);
			name = "Supporting Files";
			sourceTree = "<group>";
		};
		1793BC551E17FF2F00639067 /* 高斯模糊Tests */ = {
			isa = PBXGroup;
			children = (
				1793BC561E17FF2F00639067 /* ____Tests.m */,
				1793BC581E17FF2F00639067 /* Info.plist */,
			);
			path = "高斯模糊Tests";
			sourceTree = "<group>";
		};
		1793BC601E17FF2F00639067 /* 高斯模糊UITests */ = {
			isa = PBXGroup;
			children = (
				1793BC611E17FF2F00639067 /* ____UITests.m */,
				1793BC631E17FF2F00639067 /* Info.plist */,
			);
			path = "高斯模糊UITests";
			sourceTree = "<group>";
		};
		1793BC751E18038300639067 /* Frameworks */ = {
			isa = PBXGroup;
			children = (
				1793BC761E18038400639067 /* Accelerate.framework */,
			);
			name = Frameworks;
			sourceTree = "<group>";
		};
/* End PBXGroup section */

/* Begin PBXNativeTarget section */
		1793BC381E17FF2E00639067 /* 高斯模糊 */ = {
			isa = PBXNativeTarget;
			buildConfigurationList = 1793BC661E17FF2F00639067 /* Build configuration list for PBXNativeTarget "高斯模糊" */;
			buildPhases = (
				1793BC351E17FF2E00639067 /* Sources */,
				1793BC361E17FF2E00639067 /* Frameworks */,
				1793BC371E17FF2E00639067 /* Resources */,
			);
			buildRules = (
			);
			dependencies = (
			);
			name = "高斯模糊";
			productName = "高斯模糊";
			productReference = 1793BC391E17FF2E00639067 /* 高斯模糊.app */;
			productType = "com.apple.product-type.application";
		};
		1793BC511E17FF2F00639067 /* 高斯模糊Tests */ = {
			isa = PBXNativeTarget;
			buildConfigurationList = 1793BC691E17FF2F00639067 /* Build configuration list for PBXNativeTarget "高斯模糊Tests" */;
			buildPhases = (
				1793BC4E1E17FF2F00639067 /* Sources */,
				1793BC4F1E17FF2F00639067 /* Frameworks */,
				1793BC501E17FF2F00639067 /* Resources */,
			);
			buildRules = (
			);
			dependencies = (
				1793BC541E17FF2F00639067 /* PBXTargetDependency */,
			);
			name = "高斯模糊Tests";
			productName = "高斯模糊Tests";
			productReference = 1793BC521E17FF2F00639067 /* 高斯模糊Tests.xctest */;
			productType = "com.apple.product-type.bundle.unit-test";
		};
		1793BC5C1E17FF2F00639067 /* 高斯模糊UITests */ = {
			isa = PBXNativeTarget;
			buildConfigurationList = 1793BC6C1E17FF2F00639067 /* Build configuration list for PBXNativeTarget "高斯模糊UITests" */;
			buildPhases = (
				1793BC591E17FF2F00639067 /* Sources */,
				1793BC5A1E17FF2F00639067 /* Frameworks */,
				1793BC5B1E17FF2F00639067 /* Resources */,
			);
			buildRules = (
			);
			dependencies = (
				1793BC5F1E17FF2F00639067 /* PBXTargetDependency */,
			);
			name = "高斯模糊UITests";
			productName = "高斯模糊UITests";
			productReference = 1793BC5D1E17FF2F00639067 /* 高斯模糊UITests.xctest */;
			productType = "com.apple.product-type.bundle.ui-testing";
		};
/* End PBXNativeTarget section */

/* Begin PBXProject section */
		1793BC311E17FF2E00639067 /* Project object */ = {
			isa = PBXProject;
			attributes = {
				LastUpgradeCheck = 0820;
				ORGANIZATIONNAME = "【code_小马】";
				TargetAttributes = {
					1793BC381E17FF2E00639067 = {
						CreatedOnToolsVersion = 8.2;
						DevelopmentTeam = Z2KLF25ZEN;
						ProvisioningStyle = Automatic;
					};
					1793BC511E17FF2F00639067 = {
						CreatedOnToolsVersion = 8.2;
						DevelopmentTeam = Z2KLF25ZEN;
						ProvisioningStyle = Automatic;
						TestTargetID = 1793BC381E17FF2E00639067;
					};
					1793BC5C1E17FF2F00639067 = {
						CreatedOnToolsVersion = 8.2;
						DevelopmentTeam = Z2KLF25ZEN;
						ProvisioningStyle = Automatic;
						TestTargetID = 1793BC381E17FF2E00639067;
					};
				};
			};
			buildConfigurationList = 1793BC341E17FF2E00639067 /* Build configuration list for PBXProject "高斯模糊" */;
			compatibilityVersion = "Xcode 3.2";
			developmentRegion = English;
			hasScannedForEncodings = 0;
			knownRegions = (
				en,
				Base,
			);
			mainGroup = 1793BC301E17FF2E00639067;
			productRefGroup = 1793BC3A1E17FF2E00639067 /* Products */;
			projectDirPath = "";
			projectRoot = "";
			targets = (
				1793BC381E17FF2E00639067 /* 高斯模糊 */,
				1793BC511E17FF2F00639067 /* 高斯模糊Tests */,
				1793BC5C1E17FF2F00639067 /* 高斯模糊UITests */,
			);
		};
/* End PBXProject section */

/* Begin PBXResourcesBuildPhase section */
		1793BC371E17FF2E00639067 /* Resources */ = {
			isa = PBXResourcesBuildPhase;
			buildActionMask = 2147483647;
			files = (
				1793BC4C1E17FF2E00639067 /* LaunchScreen.storyboard in Resources */,
				1793BC491E17FF2E00639067 /* Assets.xcassets in Resources */,
				1793BC471E17FF2E00639067 /* Main.storyboard in Resources */,
				1793BC741E1801C500639067 /* code_xiaoma.png in Resources */,
			);
			runOnlyForDeploymentPostprocessing = 0;
		};
		1793BC501E17FF2F00639067 /* Resources */ = {
			isa = PBXResourcesBuildPhase;
			buildActionMask = 2147483647;
			files = (
			);
			runOnlyForDeploymentPostprocessing = 0;
		};
		1793BC5B1E17FF2F00639067 /* Resources */ = {
			isa = PBXResourcesBuildPhase;
			buildActionMask = 2147483647;
			files = (
			);
			runOnlyForDeploymentPostprocessing = 0;
		};
/* End PBXResourcesBuildPhase section */

/* Begin PBXSourcesBuildPhase section */
		1793BC351E17FF2E00639067 /* Sources */ = {
			isa = PBXSourcesBuildPhase;
			buildActionMask = 2147483647;
			files = (
				1793BC7B1E1814C100639067 /* UIImage+BlurI.m in Sources */,
				1793BC441E17FF2E00639067 /* ViewController.m in Sources */,
				1793BC411E17FF2E00639067 /* AppDelegate.m in Sources */,
				1793BC3E1E17FF2E00639067 /* main.m in Sources */,
			);
			runOnlyForDeploymentPostprocessing = 0;
		};
		1793BC4E1E17FF2F00639067 /* Sources */ = {
			isa = PBXSourcesBuildPhase;
			buildActionMask = 2147483647;
			files = (
				1793BC571E17FF2F00639067 /* ____Tests.m in Sources */,
			);
			runOnlyForDeploymentPostprocessing = 0;
		};
		1793BC591E17FF2F00639067 /* Sources */ = {
			isa = PBXSourcesBuildPhase;
			buildActionMask = 2147483647;
			files = (
				1793BC621E17FF2F00639067 /* ____UITests.m in Sources */,
			);
			runOnlyForDeploymentPostprocessing = 0;
		};
/* End PBXSourcesBuildPhase section */

/* Begin PBXTargetDependency section */
		1793BC541E17FF2F00639067 /* PBXTargetDependency */ = {
			isa = PBXTargetDependency;
			target = 1793BC381E17FF2E00639067 /* 高斯模糊 */;
			targetProxy = 1793BC531E17FF2F00639067 /* PBXContainerItemProxy */;
		};
		1793BC5F1E17FF2F00639067 /* PBXTargetDependency */ = {
			isa = PBXTargetDependency;
			target = 1793BC381E17FF2E00639067 /* 高斯模糊 */;
			targetProxy = 1793BC5E1E17FF2F00639067 /* PBXContainerItemProxy */;
		};
/* End PBXTargetDependency section */

/* Begin PBXVariantGroup section */
		1793BC451E17FF2E00639067 /* Main.storyboard */ = {
			isa = PBXVariantGroup;
			children = (
				1793BC461E17FF2E00639067 /* Base */,
			);
			name = Main.storyboard;
			sourceTree = "<group>";
		};
		1793BC4A1E17FF2E00639067 /* LaunchScreen.storyboard */ = {
			isa = PBXVariantGroup;
			children = (
				1793BC4B1E17FF2E00639067 /* Base */,
			);
			name = LaunchScreen.storyboard;
			sourceTree = "<group>";
		};
/* End PBXVariantGroup section */

/* Begin XCBuildConfiguration section */
		1793BC641E17FF2F00639067 /* Debug */ = {
			isa = XCBuildConfiguration;
			buildSettings = {
				ALWAYS_SEARCH_USER_PATHS = NO;
				CLANG_ANALYZER_NONNULL = YES;
				CLANG_CXX_LANGUAGE_STANDARD = "gnu++0x";
				CLANG_CXX_LIBRARY = "libc++";
				CLANG_ENABLE_MODULES = YES;
				CLANG_ENABLE_OBJC_ARC = YES;
				CLANG_WARN_BOOL_CONVERSION = YES;
				CLANG_WARN_CONSTANT_CONVERSION = YES;
				CLANG_WARN_DIRECT_OBJC_ISA_USAGE = YES_ERROR;
				CLANG_WARN_DOCUMENTATION_COMMENTS = YES;
				CLANG_WARN_EMPTY_BODY = YES;
				CLANG_WARN_ENUM_CONVERSION = YES;
				CLANG_WARN_INFINITE_RECURSION = YES;
				CLANG_WARN_INT_CONVERSION = YES;
				CLANG_WARN_OBJC_ROOT_CLASS = YES_ERROR;
				CLANG_WARN_SUSPICIOUS_MOVE = YES;
				CLANG_WARN_UNREACHABLE_CODE = YES;
				CLANG_WARN__DUPLICATE_METHOD_MATCH = YES;
				"CODE_SIGN_IDENTITY[sdk=iphoneos*]" = "iPhone Developer";
				COPY_PHASE_STRIP = NO;
				DEBUG_INFORMATION_FORMAT = dwarf;
				ENABLE_STRICT_OBJC_MSGSEND = YES;
				ENABLE_TESTABILITY = YES;
				GCC_C_LANGUAGE_STANDARD = gnu99;
				GCC_DYNAMIC_NO_PIC = NO;
				GCC_NO_COMMON_BLOCKS = YES;
				GCC_OPTIMIZATION_LEVEL = 0;
				GCC_PREPROCESSOR_DEFINITIONS = (
					"DEBUG=1",
					"$(inherited)",
				);
				GCC_WARN_64_TO_32_BIT_CONVERSION = YES;
				GCC_WARN_ABOUT_RETURN_TYPE = YES_ERROR;
				GCC_WARN_UNDECLARED_SELECTOR = YES;
				GCC_WARN_UNINITIALIZED_AUTOS = YES_AGGRESSIVE;
				GCC_WARN_UNUSED_FUNCTION = YES;
				GCC_WARN_UNUSED_VARIABLE = YES;
				IPHONEOS_DEPLOYMENT_TARGET = 10.2;
				MTL_ENABLE_DEBUG_INFO = YES;
				ONLY_ACTIVE_ARCH = YES;
				SDKROOT = iphoneos;
				TARGETED_DEVICE_FAMILY = "1,2";
			};
			name = Debug;
		};
		1793BC651E17FF2F00639067 /* Release */ = {
			isa = XCBuildConfiguration;
			buildSettings = {
				ALWAYS_SEARCH_USER_PATHS = NO;
				CLANG_ANALYZER_NONNULL = YES;
				CLANG_CXX_LANGUAGE_STANDARD = "gnu++0x";
				CLANG_CXX_LIBRARY = "libc++";
				CLANG_ENABLE_MODULES = YES;
				CLANG_ENABLE_OBJC_ARC = YES;
				CLANG_WARN_BOOL_CONVERSION = YES;
				CLANG_WARN_CONSTANT_CONVERSION = YES;
				CLANG_WARN_DIRECT_OBJC_ISA_USAGE = YES_ERROR;
				CLANG_WARN_DOCUMENTATION_COMMENTS = YES;
				CLANG_WARN_EMPTY_BODY = YES;
				CLANG_WARN_ENUM_CONVERSION = YES;
				CLANG_WARN_INFINITE_RECURSION = YES;
				CLANG_WARN_INT_CONVERSION = YES;
				CLANG_WARN_OBJC_ROOT_CLASS = YES_ERROR;
				CLANG_WARN_SUSPICIOUS_MOVE = YES;
				CLANG_WARN_UNREACHABLE_CODE = YES;
				CLANG_WARN__DUPLICATE_METHOD_MATCH = YES;
				"CODE_SIGN_IDENTITY[sdk=iphoneos*]" = "iPhone Developer";
				COPY_PHASE_STRIP = NO;
				DEBUG_INFORMATION_FORMAT = "dwarf-with-dsym";
				ENABLE_NS_ASSERTIONS = NO;
				ENABLE_STRICT_OBJC_MSGSEND = YES;
				GCC_C_LANGUAGE_STANDARD = gnu99;
				GCC_NO_COMMON_BLOCKS = YES;
				GCC_WARN_64_TO_32_BIT_CONVERSION = YES;
				GCC_WARN_ABOUT_RETURN_TYPE = YES_ERROR;
				GCC_WARN_UNDECLARED_SELECTOR = YES;
				GCC_WARN_UNINITIALIZED_AUTOS = YES_AGGRESSIVE;
				GCC_WARN_UNUSED_FUNCTION = YES;
				GCC_WARN_UNUSED_VARIABLE = YES;
				IPHONEOS_DEPLOYMENT_TARGET = 10.2;
				MTL_ENABLE_DEBUG_INFO = NO;
				SDKROOT = iphoneos;
				TARGETED_DEVICE_FAMILY = "1,2";
				VALIDATE_PRODUCT = YES;
			};
			name = Release;
		};
		1793BC671E17FF2F00639067 /* Debug */ = {
			isa = XCBuildConfiguration;
			buildSettings = {
				ASSETCATALOG_COMPILER_APPICON_NAME = AppIcon;
				DEVELOPMENT_TEAM = Z2KLF25ZEN;
				INFOPLIST_FILE = "高斯模糊/Info.plist";
				LD_RUNPATH_SEARCH_PATHS = "$(inherited) @executable_path/Frameworks";
				PRODUCT_BUNDLE_IDENTIFIER = "code-xiaoma.----";
				PRODUCT_NAME = "$(TARGET_NAME)";
			};
			name = Debug;
		};
		1793BC681E17FF2F00639067 /* Release */ = {
			isa = XCBuildConfiguration;
			buildSettings = {
				ASSETCATALOG_COMPILER_APPICON_NAME = AppIcon;
				DEVELOPMENT_TEAM = Z2KLF25ZEN;
				INFOPLIST_FILE = "高斯模糊/Info.plist";
				LD_RUNPATH_SEARCH_PATHS = "$(inherited) @executable_path/Frameworks";
				PRODUCT_BUNDLE_IDENTIFIER = "code-xiaoma.----";
				PRODUCT_NAME = "$(TARGET_NAME)";
			};
			name = Release;
		};
		1793BC6A1E17FF2F00639067 /* Debug */ = {
			isa = XCBuildConfiguration;
			buildSettings = {
				BUNDLE_LOADER = "$(TEST_HOST)";
				DEVELOPMENT_TEAM = Z2KLF25ZEN;
				INFOPLIST_FILE = "高斯模糊Tests/Info.plist";
				LD_RUNPATH_SEARCH_PATHS = "$(inherited) @executable_path/Frameworks @loader_path/Frameworks";
				PRODUCT_BUNDLE_IDENTIFIER = "code-xiaoma.----Tests";
				PRODUCT_NAME = "$(TARGET_NAME)";
				TEST_HOST = "$(BUILT_PRODUCTS_DIR)/高斯模糊.app/高斯模糊";
			};
			name = Debug;
		};
		1793BC6B1E17FF2F00639067 /* Release */ = {
			isa = XCBuildConfiguration;
			buildSettings = {
				BUNDLE_LOADER = "$(TEST_HOST)";
				DEVELOPMENT_TEAM = Z2KLF25ZEN;
				INFOPLIST_FILE = "高斯模糊Tests/Info.plist";
				LD_RUNPATH_SEARCH_PATHS = "$(inherited) @executable_path/Frameworks @loader_path/Frameworks";
				PRODUCT_BUNDLE_IDENTIFIER = "code-xiaoma.----Tests";
				PRODUCT_NAME = "$(TARGET_NAME)";
				TEST_HOST = "$(BUILT_PRODUCTS_DIR)/高斯模糊.app/高斯模糊";
			};
			name = Release;
		};
		1793BC6D1E17FF2F00639067 /* Debug */ = {
			isa = XCBuildConfiguration;
			buildSettings = {
				DEVELOPMENT_TEAM = Z2KLF25ZEN;
				INFOPLIST_FILE = "高斯模糊UITests/Info.plist";
				LD_RUNPATH_SEARCH_PATHS = "$(inherited) @executable_path/Frameworks @loader_path/Frameworks";
				PRODUCT_BUNDLE_IDENTIFIER = "code-xiaoma.----UITests";
				PRODUCT_NAME = "$(TARGET_NAME)";
				TEST_TARGET_NAME = "高斯模糊";
			};
			name = Debug;
		};
		1793BC6E1E17FF2F00639067 /* Release */ = {
			isa = XCBuildConfiguration;
			buildSettings = {
				DEVELOPMENT_TEAM = Z2KLF25ZEN;
				INFOPLIST_FILE = "高斯模糊UITests/Info.plist";
				LD_RUNPATH_SEARCH_PATHS = "$(inherited) @executable_path/Frameworks @loader_path/Frameworks";
				PRODUCT_BUNDLE_IDENTIFIER = "code-xiaoma.----UITests";
				PRODUCT_NAME = "$(TARGET_NAME)";
				TEST_TARGET_NAME = "高斯模糊";
			};
			name = Release;
		};
/* End XCBuildConfiguration section */

/* Begin XCConfigurationList section */
		1793BC341E17FF2E00639067 /* Build configuration list for PBXProject "高斯模糊" */ = {
			isa = XCConfigurationList;
			buildConfigurations = (
				1793BC641E17FF2F00639067 /* Debug */,
				1793BC651E17FF2F00639067 /* Release */,
			);
			defaultConfigurationIsVisible = 0;
			defaultConfigurationName = Release;
		};
		1793BC661E17FF2F00639067 /* Build configuration list for PBXNativeTarget "高斯模糊" */ = {
			isa = XCConfigurationList;
			buildConfigurations = (
				1793BC671E17FF2F00639067 /* Debug */,
				1793BC681E17FF2F00639067 /* Release */,
			);
			defaultConfigurationIsVisible = 0;
			defaultConfigurationName = Release;
		};
		1793BC691E17FF2F00639067 /* Build configuration list for PBXNativeTarget "高斯模糊Tests" */ = {
			isa = XCConfigurationList;
			buildConfigurations = (
				1793BC6A1E17FF2F00639067 /* Debug */,
				1793BC6B1E17FF2F00639067 /* Release */,
			);
			defaultConfigurationIsVisible = 0;
			defaultConfigurationName = Release;
		};
		1793BC6C1E17FF2F00639067 /* Build configuration list for PBXNativeTarget "高斯模糊UITests" */ = {
			isa = XCConfigurationList;
			buildConfigurations = (
				1793BC6D1E17FF2F00639067 /* Debug */,
				1793BC6E1E17FF2F00639067 /* Release */,
			);
			defaultConfigurationIsVisible = 0;
			defaultConfigurationName = Release;
		};
/* End XCConfigurationList section */
	};
	rootObject = 1793BC311E17FF2E00639067 /* Project object */;
}
